
Microsoft Visual Studio Solution File, Format Version 12.00
Project("{FAE04EC0-301F-11D3-BF4B-00C04F79EFBC}") = "DungeonGame", "DungeonGame\DungeonGame.csproj", "{73A55786-D537-4F0D-98B9-8A920193DFCD}"
EndProject
Global
	GlobalSection(SolutionConfigurationPlatforms) = preSolution
		Debug|Any CPU = Debug|Any CPU
		Release|Any CPU = Release|Any CPU
	EndGlobalSection
	GlobalSection(ProjectConfigurationPlatforms) = postSolution
		{73A55786-D537-4F0D-98B9-8A920193DFCD}.Debug|Any CPU.ActiveCfg = Debug|Any CPU
		{73A55786-D537-4F0D-98B9-8A920193DFCD}.Debug|Any CPU.Build.0 = Debug|Any CPU
		{73A55786-D537-4F0D-98B9-8A920193DFCD}.Release|Any CPU.ActiveCfg = Release|Any CPU
		{73A55786-D537-4F0D-98B9-8A920193DFCD}.Release|Any CPU.Build.0 = Release|Any CPU
	EndGlobalSection
EndGlobal
